
Microsoft Visual Studio Solution File, Format Version 12.00
# Visual Studio Version 17
VisualStudioVersion = 17.4.33213.308
MinimumVisualStudioVersion = 10.0.40219.1
Project("{FAE04EC0-301F-11D3-BF4B-00C04F79EFBC}") = "WebThucPhamChucNang", "WebThucPhamChucNang\WebThucPhamChucNang.csproj", "{D79B9E7A-85AE-460B-A7EF-34CC2B75ABF0}"
EndProject
Global
	GlobalSection(SolutionConfigurationPlatforms) = preSolution
		Debug|Any CPU = Debug|Any CPU
		Release|Any CPU = Release|Any CPU
	EndGlobalSection
	GlobalSection(ProjectConfigurationPlatforms) = postSolution
		{D79B9E7A-85AE-460B-A7EF-34CC2B75ABF0}.Debug|Any CPU.ActiveCfg = Debug|Any CPU
		{D79B9E7A-85AE-460B-A7EF-34CC2B75ABF0}.Debug|Any CPU.Build.0 = Debug|Any CPU
		{D79B9E7A-85AE-460B-A7EF-34CC2B75ABF0}.Release|Any CPU.ActiveCfg = Release|Any CPU
		{D79B9E7A-85AE-460B-A7EF-34CC2B75ABF0}.Release|Any CPU.Build.0 = Release|Any CPU
	EndGlobalSection
	GlobalSection(SolutionProperties) = preSolution
		HideSolutionNode = FALSE
	EndGlobalSection
	GlobalSection(ExtensibilityGlobals) = postSolution
		SolutionGuid = {B8BC4055-3D1C-49A8-82DC-285DE19FC248}
	EndGlobalSection
EndGlobal
